dependencies:
- name: flux2
  repository: https://fluxcd-community.github.io/helm-charts
  version: 2.16.3
- name: gpu-feature-discovery
  repository: https://nvidia.github.io/k8s-device-plugin
  version: 0.18.0
digest: sha256:16e3d87455ed85594037098f49ba96aba5fb693fbff6f1e81834e00a26effff5
generated: "2025-10-21T14:40:13.868037273-04:00"
