dependencies:
- name: flux2
  repository: https://fluxcd-community.github.io/helm-charts
  version: 2.16.3
- name: gpu-feature-discovery
  repository: https://nvidia.github.io/k8s-device-plugin
  version: 0.17.4
- name: local-csi-driver
  repository: oci://localcsidriver.azurecr.io/acstor/charts
  version: 0.2.8
digest: sha256:9d29be5770586d0786025df2268b123c01c56e3815a5d27ff3d7c8b3282c5b27
generated: "2025-12-06T20:21:56.045257+11:00"
