dependencies:
- name: flux2
  repository: https://fluxcd-community.github.io/helm-charts
  version: 2.16.3
- name: gpu-feature-discovery
  repository: https://nvidia.github.io/k8s-device-plugin
  version: 0.17.4
- name: local-csi-driver
  repository: oci://localcsidriver.azurecr.io/acstor/charts
  version: 0.2.18
- name: productionstack
  repository: oci://mcr.microsoft.com/aks/kaito/helm
  version: 0.2.2
digest: sha256:2902f198d6ec17b55542def28ef9f91d2d43732c374cc8077ac928ab52d7b714
generated: "2026-06-26T20:36:49.178331+10:00"
